
Microsoft Visual Studio Solution File, Format Version 12.00
# Visual Studio Version 17
VisualStudioVersion = 17.0.32112.339
MinimumVisualStudioVersion = 10.0.40219.1
Project("{FAE04EC0-301F-11D3-BF4B-00C04F79EFBC}") = "WebChat.Server", "WebChat\Server\WebChat.Server.csproj", "{32A0401F-02C7-4FBC-BE4F-8EBCDC164F17}"
EndProject
Project("{FAE04EC0-301F-11D3-BF4B-00C04F79EFBC}") = "WebChat.Client", "WebChat\Client\WebChat.Client.csproj", "{FA6F95EE-48BC-49C7-AB66-97D9E35ED159}"
EndProject
Project("{FAE04EC0-301F-11D3-BF4B-00C04F79EFBC}") = "WebChat.Shared", "WebChat\Shared\WebChat.Shared.csproj", "{540716B1-7587-43D0-8EC7-09334DA0DE65}"
EndProject
Global
	GlobalSection(SolutionConfigurationPlatforms) = preSolution
		Debug|Any CPU = Debug|Any CPU
		Release|Any CPU = Release|Any CPU
	EndGlobalSection
	GlobalSection(ProjectConfigurationPlatforms) = postSolution
		{32A0401F-02C7-4FBC-BE4F-8EBCDC164F17}.Debug|Any CPU.ActiveCfg = Debug|Any CPU
		{32A0401F-02C7-4FBC-BE4F-8EBCDC164F17}.Debug|Any CPU.Build.0 = Debug|Any CPU
		{32A0401F-02C7-4FBC-BE4F-8EBCDC164F17}.Release|Any CPU.ActiveCfg = Release|Any CPU
		{32A0401F-02C7-4FBC-BE4F-8EBCDC164F17}.Release|Any CPU.Build.0 = Release|Any CPU
		{FA6F95EE-48BC-49C7-AB66-97D9E35ED159}.Debug|Any CPU.ActiveCfg = Debug|Any CPU
		{FA6F95EE-48BC-49C7-AB66-97D9E35ED159}.Debug|Any CPU.Build.0 = Debug|Any CPU
		{FA6F95EE-48BC-49C7-AB66-97D9E35ED159}.Release|Any CPU.ActiveCfg = Release|Any CPU
		{FA6F95EE-48BC-49C7-AB66-97D9E35ED159}.Release|Any CPU.Build.0 = Release|Any CPU
		{540716B1-7587-43D0-8EC7-09334DA0DE65}.Debug|Any CPU.ActiveCfg = Debug|Any CPU
		{540716B1-7587-43D0-8EC7-09334DA0DE65}.Debug|Any CPU.Build.0 = Debug|Any CPU
		{540716B1-7587-43D0-8EC7-09334DA0DE65}.Release|Any CPU.ActiveCfg = Release|Any CPU
		{540716B1-7587-43D0-8EC7-09334DA0DE65}.Release|Any CPU.Build.0 = Release|Any CPU
	EndGlobalSection
	GlobalSection(SolutionProperties) = preSolution
		HideSolutionNode = FALSE
	EndGlobalSection
	GlobalSection(ExtensibilityGlobals) = postSolution
		SolutionGuid = {E36B1EFB-0A11-497C-8740-503C9770C054}
	EndGlobalSection
EndGlobal
